
Microsoft Visual Studio Solution File, Format Version 12.00
Project("{FAE04EC0-301F-11D3-BF4B-00C04F79EFBC}") = "LRUCacheTutorial", "LRUCacheTutorial\LRUCacheTutorial.csproj", "{EA58FCEF-88E6-495A-A067-EA4533B0DC3E}"
EndProject
Global
	GlobalSection(SolutionConfigurationPlatforms) = preSolution
		Debug|Any CPU = Debug|Any CPU
		Release|Any CPU = Release|Any CPU
	EndGlobalSection
	GlobalSection(ProjectConfigurationPlatforms) = postSolution
		{EA58FCEF-88E6-495A-A067-EA4533B0DC3E}.Debug|Any CPU.ActiveCfg = Debug|Any CPU
		{EA58FCEF-88E6-495A-A067-EA4533B0DC3E}.Debug|Any CPU.Build.0 = Debug|Any CPU
		{EA58FCEF-88E6-495A-A067-EA4533B0DC3E}.Release|Any CPU.ActiveCfg = Release|Any CPU
		{EA58FCEF-88E6-495A-A067-EA4533B0DC3E}.Release|Any CPU.Build.0 = Release|Any CPU
	EndGlobalSection
EndGlobal
